// !$*UTF8*$!
{
	archiveVersion = 1;
	classes = {
	};
	objectVersion = 56;
	objects = {

/* Begin PBXBuildFile section */
		075A08DD9BA77808A042E207 /* RunnerElements.swift in Sources */ = {isa = PBXBuildFile; fileRef = B70866DAEACF7115FC193101 /* RunnerElements.swift */; };
		603A181324BE3D2D3D9CEF19 /* RunnerTests.swift in Sources */ = {isa = PBXBuildFile; fileRef = 470393750BF9CDEBE680ECF3 /* RunnerTests.swift */; };
		6DE77AA9E758F2E53FDAC651 /* RunnerWDA.swift in Sources */ = {isa = PBXBuildFile; fileRef = 7994977E24197EBB0129A53F /* RunnerWDA.swift */; };
		70CDE4345DB673547F97FC7F /* RunnerHTTP.swift in Sources */ = {isa = PBXBuildFile; fileRef = 94BDD3F0E1278AAB2988DB12 /* RunnerHTTP.swift */; };
		985FD83F33DC0CB4D8E76A6D /* RunnerMJPEG.swift in Sources */ = {isa = PBXBuildFile; fileRef = F4DD8C426E23E9EBDBA0F0FE /* RunnerMJPEG.swift */; };
		9CF8432F1753A46FC2F1D2CF /* IPURBridge.m in Sources */ = {isa = PBXBuildFile; fileRef = 9E3171D1115C2E98DD29F3F9 /* IPURBridge.m */; };
		CBF5659BBA0993E2D2E21C71 /* RunnerActions.swift in Sources */ = {isa = PBXBuildFile; fileRef = 929B13B4B2EE3205992F3E2E /* RunnerActions.swift */; };
/* End PBXBuildFile section */

/* Begin PBXFileReference section */
		3C28F51DDB8C8EDC604DA1F4 /* IPhoneUseRunnerUITests.xctest */ = {isa = PBXFileReference; includeInIndex = 0; lastKnownFileType = wrapper.cfbundle; path = IPhoneUseRunnerUITests.xctest; sourceTree = BUILT_PRODUCTS_DIR; };
		470393750BF9CDEBE680ECF3 /* RunnerTests.swift */ = {isa = PBXFileReference; lastKnownFileType = sourcecode.swift; path = RunnerTests.swift; sourceTree = "<group>"; };
		74BD68A60C7ABD17C9DCEB07 /* IPURBridge.h */ = {isa = PBXFileReference; lastKnownFileType = sourcecode.c.h; path = IPURBridge.h; sourceTree = "<group>"; };
		7994977E24197EBB0129A53F /* RunnerWDA.swift */ = {isa = PBXFileReference; lastKnownFileType = sourcecode.swift; path = RunnerWDA.swift; sourceTree = "<group>"; };
		929B13B4B2EE3205992F3E2E /* RunnerActions.swift */ = {isa = PBXFileReference; lastKnownFileType = sourcecode.swift; path = RunnerActions.swift; sourceTree = "<group>"; };
		94BDD3F0E1278AAB2988DB12 /* RunnerHTTP.swift */ = {isa = PBXFileReference; lastKnownFileType = sourcecode.swift; path = RunnerHTTP.swift; sourceTree = "<group>"; };
		9E3171D1115C2E98DD29F3F9 /* IPURBridge.m */ = {isa = PBXFileReference; lastKnownFileType = sourcecode.c.objc; path = IPURBridge.m; sourceTree = "<group>"; };
		B70866DAEACF7115FC193101 /* RunnerElements.swift */ = {isa = PBXFileReference; lastKnownFileType = sourcecode.swift; path = RunnerElements.swift; sourceTree = "<group>"; };
		E2F8EFE7B3C21CA5A2498C9E /* IPhoneUseRunnerUITests-Bridging-Header.h */ = {isa = PBXFileReference; lastKnownFileType = sourcecode.c.h; path = "IPhoneUseRunnerUITests-Bridging-Header.h"; sourceTree = "<group>"; };
		F4DD8C426E23E9EBDBA0F0FE /* RunnerMJPEG.swift */ = {isa = PBXFileReference; lastKnownFileType = sourcecode.swift; path = RunnerMJPEG.swift; sourceTree = "<group>"; };
/* End PBXFileReference section */

/* Begin PBXGroup section */
		0B2AC3C3B49C8FE9200944FE /* Products */ = {
			isa = PBXGroup;
			children = (
				3C28F51DDB8C8EDC604DA1F4 /* IPhoneUseRunnerUITests.xctest */,
			);
			name = Products;
			sourceTree = "<group>";
		};
		9694C7E9B44097594ECF991A /* IPhoneUseRunnerUITests */ = {
			isa = PBXGroup;
			children = (
				E2F8EFE7B3C21CA5A2498C9E /* IPhoneUseRunnerUITests-Bridging-Header.h */,
				74BD68A60C7ABD17C9DCEB07 /* IPURBridge.h */,
				9E3171D1115C2E98DD29F3F9 /* IPURBridge.m */,
				929B13B4B2EE3205992F3E2E /* RunnerActions.swift */,
				B70866DAEACF7115FC193101 /* RunnerElements.swift */,
				94BDD3F0E1278AAB2988DB12 /* RunnerHTTP.swift */,
				F4DD8C426E23E9EBDBA0F0FE /* RunnerMJPEG.swift */,
				470393750BF9CDEBE680ECF3 /* RunnerTests.swift */,
				7994977E24197EBB0129A53F /* RunnerWDA.swift */,
			);
			path = IPhoneUseRunnerUITests;
			sourceTree = "<group>";
		};
		96D2C0663F204A0AF7975CDF = {
			isa = PBXGroup;
			children = (
				9694C7E9B44097594ECF991A /* IPhoneUseRunnerUITests */,
				0B2AC3C3B49C8FE9200944FE /* Products */,
			);
			sourceTree = "<group>";
		};
/* End PBXGroup section */

/* Begin PBXNativeTarget section */
		88F6F4571B11FE5B273A52C9 /* IPhoneUseRunnerUITests */ = {
			isa = PBXNativeTarget;
			buildConfigurationList = 176F9333B11757F953CE042E /* Build configuration list for PBXNativeTarget "IPhoneUseRunnerUITests" */;
			buildPhases = (
				F0142532A949F474CB689D6F /* Sources */,
			);
			buildRules = (
			);
			dependencies = (
			);
			name = IPhoneUseRunnerUITests;
			packageProductDependencies = (
			);
			productName = IPhoneUseRunnerUITests;
			productReference = 3C28F51DDB8C8EDC604DA1F4 /* IPhoneUseRunnerUITests.xctest */;
			productType = "com.apple.product-type.bundle.ui-testing";
		};
/* End PBXNativeTarget section */

/* Begin PBXProject section */
		AC789425D577A4C85F6056B0 /* Project object */ = {
			isa = PBXProject;
			attributes = {
				BuildIndependentTargetsInParallel = YES;
				LastUpgradeCheck = 1430;
				TargetAttributes = {
					88F6F4571B11FE5B273A52C9 = {
						DevelopmentTeam = 6ZPXG4KVVS;
						ProvisioningStyle = Automatic;
					};
				};
			};
			buildConfigurationList = 5E2D7488BFBBE99FEB77EF21 /* Build configuration list for PBXProject "IPhoneUseRunner" */;
			compatibilityVersion = "Xcode 14.0";
			developmentRegion = en;
			hasScannedForEncodings = 0;
			knownRegions = (
				Base,
				en,
			);
			mainGroup = 96D2C0663F204A0AF7975CDF;
			minimizedProjectReferenceProxies = 1;
			productRefGroup = 0B2AC3C3B49C8FE9200944FE /* Products */;
			projectDirPath = "";
			projectRoot = "";
			targets = (
				88F6F4571B11FE5B273A52C9 /* IPhoneUseRunnerUITests */,
			);
		};
/* End PBXProject section */

/* Begin PBXSourcesBuildPhase section */
		F0142532A949F474CB689D6F /* Sources */ = {
			isa = PBXSourcesBuildPhase;
			buildActionMask = 2147483647;
			files = (
				9CF8432F1753A46FC2F1D2CF /* IPURBridge.m in Sources */,
				CBF5659BBA0993E2D2E21C71 /* RunnerActions.swift in Sources */,
				075A08DD9BA77808A042E207 /* RunnerElements.swift in Sources */,
				70CDE4345DB673547F97FC7F /* RunnerHTTP.swift in Sources */,
				985FD83F33DC0CB4D8E76A6D /* RunnerMJPEG.swift in Sources */,
				603A181324BE3D2D3D9CEF19 /* RunnerTests.swift in Sources */,
				6DE77AA9E758F2E53FDAC651 /* RunnerWDA.swift in Sources */,
			);
			runOnlyForDeploymentPostprocessing = 0;
		};
/* End PBXSourcesBuildPhase section */

/* Begin XCBuildConfiguration section */
		22A671C583D97769977BECBE /* Debug */ = {
			isa = XCBuildConfiguration;
			buildSettings = {
				ALWAYS_SEARCH_USER_PATHS = NO;
				CLANG_ANALYZER_NONNULL = YES;
				CLANG_ANALYZER_NUMBER_OBJECT_CONVERSION = YES_AGGRESSIVE;
				CLANG_CXX_LANGUAGE_STANDARD = "gnu++14";
				CLANG_CXX_LIBRARY = "libc++";
				CLANG_ENABLE_MODULES = YES;
				CLANG_ENABLE_OBJC_ARC = YES;
				CLANG_ENABLE_OBJC_WEAK = YES;
				CLANG_WARN_BLOCK_CAPTURE_AUTORELEASING = YES;
				CLANG_WARN_BOOL_CONVERSION = YES;
				CLANG_WARN_COMMA = YES;
				CLANG_WARN_CONSTANT_CONVERSION = YES;
				CLANG_WARN_DEPRECATED_OBJC_IMPLEMENTATIONS = YES;
				CLANG_WARN_DIRECT_OBJC_ISA_USAGE = YES_ERROR;
				CLANG_WARN_DOCUMENTATION_COMMENTS = YES;
				CLANG_WARN_EMPTY_BODY = YES;
				CLANG_WARN_ENUM_CONVERSION = YES;
				CLANG_WARN_INFINITE_RECURSION = YES;
				CLANG_WARN_INT_CONVERSION = YES;
				CLANG_WARN_NON_LITERAL_NULL_CONVERSION = YES;
				CLANG_WARN_OBJC_IMPLICIT_RETAIN_SELF = YES;
				CLANG_WARN_OBJC_LITERAL_CONVERSION = YES;
				CLANG_WARN_OBJC_ROOT_CLASS = YES_ERROR;
				CLANG_WARN_QUOTED_INCLUDE_IN_FRAMEWORK_HEADER = YES;
				CLANG_WARN_RANGE_LOOP_ANALYSIS = YES;
				CLANG_WARN_STRICT_PROTOTYPES = YES;
				CLANG_WARN_SUSPICIOUS_MOVE = YES;
				CLANG_WARN_UNGUARDED_AVAILABILITY = YES_AGGRESSIVE;
				CLANG_WARN_UNREACHABLE_CODE = YES;
				CLANG_WARN__DUPLICATE_METHOD_MATCH = YES;
				CODE_SIGN_STYLE = Automatic;
				COPY_PHASE_STRIP = NO;
				CURRENT_PROJECT_VERSION = 1;
				DEBUG_INFORMATION_FORMAT = dwarf;
				DEVELOPMENT_TEAM = 6ZPXG4KVVS;
				ENABLE_STRICT_OBJC_MSGSEND = YES;
				ENABLE_TESTABILITY = YES;
				ENABLE_USER_SCRIPT_SANDBOXING = YES;
				GCC_C_LANGUAGE_STANDARD = gnu11;
				GCC_DYNAMIC_NO_PIC = NO;
				GCC_NO_COMMON_BLOCKS = YES;
				GCC_OPTIMIZATION_LEVEL = 0;
				GCC_PREPROCESSOR_DEFINITIONS = (
					"$(inherited)",
					"DEBUG=1",
				);
				GCC_WARN_64_TO_32_BIT_CONVERSION = YES;
				GCC_WARN_ABOUT_RETURN_TYPE = YES_ERROR;
				GCC_WARN_UNDECLARED_SELECTOR = YES;
				GCC_WARN_UNINITIALIZED_AUTOS = YES_AGGRESSIVE;
				GCC_WARN_UNUSED_FUNCTION = YES;
				GCC_WARN_UNUSED_VARIABLE = YES;
				IPHONEOS_DEPLOYMENT_TARGET = 15.0;
				MARKETING_VERSION = 0.2.0;
				MTL_ENABLE_DEBUG_INFO = INCLUDE_SOURCE;
				MTL_FAST_MATH = YES;
				ONLY_ACTIVE_ARCH = YES;
				PRODUCT_NAME = "$(TARGET_NAME)";
				SDKROOT = iphoneos;
				SWIFT_ACTIVE_COMPILATION_CONDITIONS = DEBUG;
				SWIFT_OPTIMIZATION_LEVEL = "-Onone";
				SWIFT_VERSION = 5.0;
				TARGETED_DEVICE_FAMILY = "1,2";
			};
			name = Debug;
		};
		2A7E56434819A5A7A8185111 /* Release */ = {
			isa = XCBuildConfiguration;
			buildSettings = {
				ALWAYS_SEARCH_USER_PATHS = NO;
				CLANG_ANALYZER_NONNULL = YES;
				CLANG_ANALYZER_NUMBER_OBJECT_CONVERSION = YES_AGGRESSIVE;
				CLANG_CXX_LANGUAGE_STANDARD = "gnu++14";
				CLANG_CXX_LIBRARY = "libc++";
				CLANG_ENABLE_MODULES = YES;
				CLANG_ENABLE_OBJC_ARC = YES;
				CLANG_ENABLE_OBJC_WEAK = YES;
				CLANG_WARN_BLOCK_CAPTURE_AUTORELEASING = YES;
				CLANG_WARN_BOOL_CONVERSION = YES;
				CLANG_WARN_COMMA = YES;
				CLANG_WARN_CONSTANT_CONVERSION = YES;
				CLANG_WARN_DEPRECATED_OBJC_IMPLEMENTATIONS = YES;
				CLANG_WARN_DIRECT_OBJC_ISA_USAGE = YES_ERROR;
				CLANG_WARN_DOCUMENTATION_COMMENTS = YES;
				CLANG_WARN_EMPTY_BODY = YES;
				CLANG_WARN_ENUM_CONVERSION = YES;
				CLANG_WARN_INFINITE_RECURSION = YES;
				CLANG_WARN_INT_CONVERSION = YES;
				CLANG_WARN_NON_LITERAL_NULL_CONVERSION = YES;
				CLANG_WARN_OBJC_IMPLICIT_RETAIN_SELF = YES;
				CLANG_WARN_OBJC_LITERAL_CONVERSION = YES;
				CLANG_WARN_OBJC_ROOT_CLASS = YES_ERROR;
				CLANG_WARN_QUOTED_INCLUDE_IN_FRAMEWORK_HEADER = YES;
				CLANG_WARN_RANGE_LOOP_ANALYSIS = YES;
				CLANG_WARN_STRICT_PROTOTYPES = YES;
				CLANG_WARN_SUSPICIOUS_MOVE = YES;
				CLANG_WARN_UNGUARDED_AVAILABILITY = YES_AGGRESSIVE;
				CLANG_WARN_UNREACHABLE_CODE = YES;
				CLANG_WARN__DUPLICATE_METHOD_MATCH = YES;
				CODE_SIGN_STYLE = Automatic;
				COPY_PHASE_STRIP = NO;
				CURRENT_PROJECT_VERSION = 1;
				DEBUG_INFORMATION_FORMAT = "dwarf-with-dsym";
				DEVELOPMENT_TEAM = 6ZPXG4KVVS;
				ENABLE_NS_ASSERTIONS = NO;
				ENABLE_STRICT_OBJC_MSGSEND = YES;
				ENABLE_USER_SCRIPT_SANDBOXING = YES;
				GCC_C_LANGUAGE_STANDARD = gnu11;
				GCC_NO_COMMON_BLOCKS = YES;
				GCC_WARN_64_TO_32_BIT_CONVERSION = YES;
				GCC_WARN_ABOUT_RETURN_TYPE = YES_ERROR;
				GCC_WARN_UNDECLARED_SELECTOR = YES;
				GCC_WARN_UNINITIALIZED_AUTOS = YES_AGGRESSIVE;
				GCC_WARN_UNUSED_FUNCTION = YES;
				GCC_WARN_UNUSED_VARIABLE = YES;
				IPHONEOS_DEPLOYMENT_TARGET = 15.0;
				MARKETING_VERSION = 0.2.0;
				MTL_ENABLE_DEBUG_INFO = NO;
				MTL_FAST_MATH = YES;
				PRODUCT_NAME = "$(TARGET_NAME)";
				SDKROOT = iphoneos;
				SWIFT_COMPILATION_MODE = wholemodule;
				SWIFT_OPTIMIZATION_LEVEL = "-O";
				SWIFT_VERSION = 5.0;
				TARGETED_DEVICE_FAMILY = "1,2";
			};
			name = Release;
		};
		8CAF3728D2CD61A311DEADF0 /* Release */ = {
			isa = XCBuildConfiguration;
			buildSettings = {
				BUNDLE_LOADER = "$(TEST_HOST)";
				CLANG_WARN_OBJC_IMPLICIT_RETAIN_SELF = NO;
				GENERATE_INFOPLIST_FILE = YES;
				LD_RUNPATH_SEARCH_PATHS = (
					"$(inherited)",
					"@executable_path/Frameworks",
					"@loader_path/Frameworks",
				);
				PRODUCT_BUNDLE_IDENTIFIER = "com.leeguoo.iphone-use.runner";
				PRODUCT_NAME = iPhoneUse;
				SDKROOT = iphoneos;
				SWIFT_OBJC_BRIDGING_HEADER = "IPhoneUseRunnerUITests/IPhoneUseRunnerUITests-Bridging-Header.h";
				TARGETED_DEVICE_FAMILY = "1,2";
			};
			name = Release;
		};
		C76EF55291F0A5BD1A184B0F /* Debug */ = {
			isa = XCBuildConfiguration;
			buildSettings = {
				BUNDLE_LOADER = "$(TEST_HOST)";
				CLANG_WARN_OBJC_IMPLICIT_RETAIN_SELF = NO;
				GENERATE_INFOPLIST_FILE = YES;
				LD_RUNPATH_SEARCH_PATHS = (
					"$(inherited)",
					"@executable_path/Frameworks",
					"@loader_path/Frameworks",
				);
				PRODUCT_BUNDLE_IDENTIFIER = "com.leeguoo.iphone-use.runner";
				PRODUCT_NAME = iPhoneUse;
				SDKROOT = iphoneos;
				SWIFT_OBJC_BRIDGING_HEADER = "IPhoneUseRunnerUITests/IPhoneUseRunnerUITests-Bridging-Header.h";
				TARGETED_DEVICE_FAMILY = "1,2";
			};
			name = Debug;
		};
/* End XCBuildConfiguration section */

/* Begin XCConfigurationList section */
		176F9333B11757F953CE042E /* Build configuration list for PBXNativeTarget "IPhoneUseRunnerUITests" */ = {
			isa = XCConfigurationList;
			buildConfigurations = (
				C76EF55291F0A5BD1A184B0F /* Debug */,
				8CAF3728D2CD61A311DEADF0 /* Release */,
			);
			defaultConfigurationIsVisible = 0;
			defaultConfigurationName = Debug;
		};
		5E2D7488BFBBE99FEB77EF21 /* Build configuration list for PBXProject "IPhoneUseRunner" */ = {
			isa = XCConfigurationList;
			buildConfigurations = (
				22A671C583D97769977BECBE /* Debug */,
				2A7E56434819A5A7A8185111 /* Release */,
			);
			defaultConfigurationIsVisible = 0;
			defaultConfigurationName = Debug;
		};
/* End XCConfigurationList section */
	};
	rootObject = AC789425D577A4C85F6056B0 /* Project object */;
}
